
Microsoft Visual Studio Solution File, Format Version 12.00
# Visual Studio Version 17
VisualStudioVersion = 17.5.002.0
MinimumVisualStudioVersion = 10.0.40219.1
Project("{9A19103F-16F7-4668-BE54-9A1E7A4F7556}") = "16096_RealEstate", "16096_RealEstate.csproj", "{7670E019-0966-4181-A065-A5E6BBCAA0CA}"
EndProject
Global
	GlobalSection(SolutionConfigurationPlatforms) = preSolution
		Debug|Any CPU = Debug|Any CPU
		Release|Any CPU = Release|Any CPU
	EndGlobalSection
	GlobalSection(ProjectConfigurationPlatforms) = postSolution
		{7670E019-0966-4181-A065-A5E6BBCAA0CA}.Debug|Any CPU.ActiveCfg = Debug|Any CPU
		{7670E019-0966-4181-A065-A5E6BBCAA0CA}.Debug|Any CPU.Build.0 = Debug|Any CPU
		{7670E019-0966-4181-A065-A5E6BBCAA0CA}.Release|Any CPU.ActiveCfg = Release|Any CPU
		{7670E019-0966-4181-A065-A5E6BBCAA0CA}.Release|Any CPU.Build.0 = Release|Any CPU
	EndGlobalSection
	GlobalSection(SolutionProperties) = preSolution
		HideSolutionNode = FALSE
	EndGlobalSection
	GlobalSection(ExtensibilityGlobals) = postSolution
		SolutionGuid = {5DFA02B9-F986-40F1-801E-D68BE0C29E42}
	EndGlobalSection
EndGlobal
